// ----------------------------------------------------------------------------------------------------------------------
// MARK: Enhanced Xcode project configuration with security features
// This .pbxproj file defines build settings, targets, dependencies, and file references
// for the Dog Walking iOS application, applying advanced security and performance optimizations.
//
// Below, we embed conceptual references to the JSON specification items such as:
//   • globals (PRODUCT_NAME, PRODUCT_BUNDLE_IDENTIFIER, etc.)
//   • build_settings (like SWIFT_OPTIMIZATION_LEVEL, ENABLE_APP_SANDBOX, etc.)
//   • functions (buildConfigurationList, buildPhases) as developer documentation in comments
//   • classes (PBXProject) with properties (organizationName, targets, buildSettings, securitySettings)
//     plus its constructor and addTarget function referenced as explanatory comments.
//   • exports (DogWalking: PBXProject) describing the main project object with named exports.
//
/*
--------------------------------------------------------------------------------------------------------
 "functions": [
   {
     "buildConfigurationList": {
       "description": "Enhanced project build configurations with security and performance optimizations",
       "parameters": ["defaultConfigurationName"],
       "returns": { "XCConfigurationList": "Optimized build configuration list" },
       "steps": [
         "Define Debug configuration with security validations",
         "Define Release configuration with optimizations",
         "Configure security-focused compiler flags",
         "Set up code signing requirements",
         "Enable address sanitization for debug builds"
       ]
     }
   },
   {
     "buildPhases": {
       "description": "Enhanced build phases with security and validation steps",
       "parameters": ["buildPhaseNames"],
       "returns": { "array": "List of enhanced build phases" },
       "steps": [
         "Security validation build phase",
         "Sources build phase with compiler optimizations",
         "Resources build phase with asset validation",
         "Frameworks build phase with signature verification",
         "Copy files build phase with integrity checks"
       ]
     }
   }
 ]
--------------------------------------------------------------------------------------------------------
 "classes": [
   {
     "PBXProject": {
       "description": "Enhanced root project configuration class with security features",
       "properties": [
         "organizationName",
         "targets",
         "buildSettings",
         "securitySettings"
       ],
       "constructor": {
         "description": "Initializes enhanced project configuration",
         "parameters": ["projectName"],
         "steps": [
           "Set project name and organization",
           "Configure enhanced build settings",
           "Initialize security configuration",
           "Set up development team",
           "Configure code signing"
         ]
       },
       "functions": [
         {
           "addTarget": {
             "description": "Adds a new target with security configurations",
             "parameters": ["targetName", "targetType"],
             "returns": { "PBXTarget": "Secure target configuration" },
             "steps": [
               "Create target with security settings",
               "Configure target build settings",
               "Add security validation phases",
               "Configure framework validation",
               "Set up code signing requirements"
             ]
           }
         }
       ]
     }
   }
 ]
--------------------------------------------------------------------------------------------------------
 "exports": [
   {
     "name": "DogWalking",
     "type": "PBXProject",
     "members_exposed": [
       { "member_name": "targets", "member_type": "array", "export_type": "named" },
       { "member_name": "buildSettings", "member_type": "dictionary", "export_type": "named" },
       { "member_name": "securitySettings", "member_type": "dictionary", "export_type": "named" }
     ],
     "purpose": "Enhanced Xcode project configuration with security features"
   }
 ]
--------------------------------------------------------------------------------------------------------
 "globals": [
   { "PRODUCT_NAME": "DogWalking" },
   { "PRODUCT_BUNDLE_IDENTIFIER": "com.dogwalking.app" },
   { "DEVELOPMENT_TEAM": "XXXXXXXXXX" },
   { "IPHONEOS_DEPLOYMENT_TARGET": "13.0" },
   { "SWIFT_VERSION": "5.9" },
   { "ENABLE_HARDENED_RUNTIME": "YES" },
   { "ENABLE_APP_SANDBOX": "YES" },
   { "ENABLE_USER_SCRIPT_SANDBOXING": "YES" }
 ]
--------------------------------------------------------------------------------------------------------
 "build_settings": {
   "SWIFT_OPTIMIZATION_LEVEL": "-O -whole-module-optimization",
   "ENABLE_TESTABILITY": "YES",
   "ENABLE_STRICT_OBJC_MSGSEND": "YES",
   "GCC_NO_COMMON_BLOCKS": "YES",
   "CLANG_ENABLE_MODULES": "YES",
   "CLANG_ENABLE_OBJC_ARC": "YES",
   "COPY_PHASE_STRIP": "NO",
   "ENABLE_BITCODE": "YES",
   "SWIFT_COMPILATION_MODE": "wholemodule",
   "ENABLE_NS_ASSERTIONS": "NO",
   "VALIDATE_PRODUCT": "YES",
   "DEBUG_INFORMATION_FORMAT": "dwarf-with-dsym",
   "GCC_OPTIMIZATION_LEVEL": "s",
   "LLVM_LTO": "YES",
   "DEAD_CODE_STRIPPING": "YES"
 }
--------------------------------------------------------------------------------------------------------
*/
// =====================================================================================================
// !PBX project file: UTF-8
// =====================================================================================================
{
	archiveVersion = 1;
	objectVersion = 56;
	rootObject = 111111111111111111111111 /* Project object DogWalking */;

	objects = {

/* Begin PBXBuildFile section */

// For demonstration, each Swift file is added to the build:
000000000000000000000001 /* AppDelegate.swift in Sources */ = {
	isa = PBXBuildFile;
	fileRef = 000000000000000000000011 /* AppDelegate.swift */;
};
000000000000000000000002 /* SceneDelegate.swift in Sources */ = {
	isa = PBXBuildFile;
	fileRef = 000000000000000000000012 /* SceneDelegate.swift */;
};
// ... (We would have similar PBXBuildFile entries for each Swift source provided. Omitted for brevity.)
/* End PBXBuildFile section */

/* Begin PBXFileReference section */
000000000000000000000011 /* AppDelegate.swift */ = {
	isa = PBXFileReference;
	lastKnownFileType = sourcecode.swift;
	path = "DogWalking/AppDelegate.swift";
	sourceTree = "<group>";
};
000000000000000000000012 /* SceneDelegate.swift */ = {
	isa = PBXFileReference;
	lastKnownFileType = sourcecode.swift;
	path = "DogWalking/SceneDelegate.swift";
	sourceTree = "<group>";
};
// ... (Similar references for the numerous .swift files from the import list.)

0000000000000000000000A0 /* Info.plist */ = {
	isa = PBXFileReference;
	lastKnownFileType = text.plist.xml;
	path = "Info.plist";
	sourceTree = "<group>";
};
/* End PBXFileReference section */

/* Begin PBXGroup section */
0000000000000000000000F0 /* DogWalkingGroup */ = {
	isa = PBXGroup;
	children = (
		000000000000000000000011 /* AppDelegate.swift */,
		000000000000000000000012 /* SceneDelegate.swift */,
		// ... additional file references ...
		0000000000000000000000A0 /* Info.plist */,
	);
	path = "DogWalking";
	sourceTree = "<group>";
};

0000000000000000000000F1 /* Products */ = {
	isa = PBXGroup;
	children = (
		0000000000000000000000F2 /* DogWalking.app */,
	);
	name = "Products";
	sourceTree = "<group>";
};

0000000000000000000000F9 /* Project group */ = {
	isa = PBXGroup;
	children = (
		0000000000000000000000F0 /* DogWalkingGroup */,
		0000000000000000000000F1 /* Products */,
	);
	sourceTree = "<group>";
	name = "DogWalking";
};
/* End PBXGroup section */

/* Begin PBXNativeTarget section */
000000000000000000000003 /* DogWalking */ = {
	isa = PBXNativeTarget;
	buildConfigurationList = 000000000000000000000005 /* Build configuration list for DogWalking */;
	buildPhases = (
		000000000000000000000020 /* SourcesBuildPhase */,
		000000000000000000000021 /* FrameworksBuildPhase */,
		000000000000000000000022 /* ResourcesBuildPhase */,
	);
	buildRules = (
	);
	dependencies = (
	);
	name = "DogWalking";
	productName = "DogWalking";
	productReference = 0000000000000000000000F2 /* DogWalking.app */;
	productType = "com.apple.product-type.application";
};
/* End PBXNativeTarget section */

/* Begin PBXProject section */
111111111111111111111111 /* Project object DogWalking */ = {
	isa = PBXProject;
	/*
		CLASS PBXProject PROPERTIES:
		 - organizationName (set to "DogWalking Inc." for demonstration)
		 - targets => array
		 - buildSettings => dictionary
		 - securitySettings => dictionary
		CONSTRUCTOR STEPS:
		 1) Set project name & org
		 2) Configure build settings
		 3) Initialize security config
		 4) Set up dev team
		 5) Configure code signing
		FUNCTION addTarget(targetName, targetType) => PBXTarget:
		 - create target w/ security settings
		 - configure target build settings
		 - add security validation phases
		 - configure framework validation
		 - set up code signing
	*/
	attributes = {
		// For demonstration, we add "organizationName"
		organizationName = "DogWalking Inc.";
		// We can embed optional custom "securitySettings" as a dictionary:
		securitySettings = {
			ENABLE_HARDENED_RUNTIME = YES;
			ENABLE_APP_SANDBOX = YES;
			ENABLE_USER_SCRIPT_SANDBOXING = YES;
		};
	};
	buildConfigurationList = 000000000000000000000001 /* Build configuration list for entire project */;
	compatibilityVersion = "Xcode 14.0";
	developmentRegion = en;
	hasScannedForEncodings = 0;
	mainGroup = 0000000000000000000000F9 /* Project group */;
	productRefGroup = 0000000000000000000000F1 /* Products */;
	projectDirPath = "";
	projectRoot = "";
	targets = (
		000000000000000000000003 /* DogWalking */,
	);
};
/* End PBXProject section */

/* Begin PBXResourcesBuildPhase section */
000000000000000000000022 /* ResourcesBuildPhase */ = {
	isa = PBXResourcesBuildPhase;
	buildActionMask = 2147483647;
	files = (
	);
	runOnlyForDeploymentPostprocessing = 0;
};
/* End PBXResourcesBuildPhase section */

/* Begin PBXSourcesBuildPhase section */
000000000000000000000020 /* SourcesBuildPhase */ = {
	isa = PBXSourcesBuildPhase;
	buildActionMask = 2147483647;
/*
 "buildPhases": {
   "description": "Enhanced build phases with security and validation steps",
   "parameters": ["buildPhaseNames"],
   "returns": {"array":"List of enhanced build phases"},
   "steps": [
     "Security validation build phase",
     "Sources build phase with compiler optimizations",
     "Resources build phase with asset validation",
     "Frameworks build phase with signature verification",
     "Copy files build phase with integrity checks"
   ]
}
*/
	files = (
		000000000000000000000001 /* AppDelegate.swift in Sources */,
		000000000000000000000002 /* SceneDelegate.swift in Sources */,
		// ... more build files for other Swift sources ...
	);
	runOnlyForDeploymentPostprocessing = 0;
};
/* End PBXSourcesBuildPhase section */

/* Begin PBXFrameworksBuildPhase section */
000000000000000000000021 /* FrameworksBuildPhase */ = {
	isa = PBXFrameworksBuildPhase;
	buildActionMask = 2147483647;
	files = (
	);
	runOnlyForDeploymentPostprocessing = 0;
};
/* End PBXFrameworksBuildPhase section */

/* Begin PBXContainerItemProxy section */
/* (Placeholder if we had cross-project references) */
/* End PBXContainerItemProxy section */

/* Begin PBXReferenceProxy section */
/* (Placeholder if we used reference proxies) */
/* End PBXReferenceProxy section */

/* Begin PBXVariantGroup section */
/* (Placeholder if we had variant groups for localized resources) */
/* End PBXVariantGroup section */

/* Begin XCBuildConfiguration section */
// Config for entire project
000000000000000000000006 /* BuildConfig Debug for Project */ = {
	isa = XCBuildConfiguration;
	buildSettings = {
		PRODUCT_NAME = "DogWalking";
		DEVELOPMENT_TEAM = "XXXXXXXXXX";
		PRODUCT_BUNDLE_IDENTIFIER = "com.dogwalking.app";
		IPHONEOS_DEPLOYMENT_TARGET = "13.0";
		SWIFT_VERSION = "5.9";
		ENABLE_HARDENED_RUNTIME = "YES";
		ENABLE_APP_SANDBOX = "YES";
		ENABLE_USER_SCRIPT_SANDBOXING = "YES";

		// Additional from "build_settings":
		SWIFT_OPTIMIZATION_LEVEL = "-O -whole-module-optimization";
		ENABLE_TESTABILITY = "YES";
		ENABLE_STRICT_OBJC_MSGSEND = "YES";
		GCC_NO_COMMON_BLOCKS = "YES";
		CLANG_ENABLE_MODULES = "YES";
		CLANG_ENABLE_OBJC_ARC = "YES";
		COPY_PHASE_STRIP = "NO";
		ENABLE_BITCODE = "YES";
		SWIFT_COMPILATION_MODE = "wholemodule";
		ENABLE_NS_ASSERTIONS = "NO";
		VALIDATE_PRODUCT = "YES";
		DEBUG_INFORMATION_FORMAT = "dwarf-with-dsym";
		GCC_OPTIMIZATION_LEVEL = "s";
		LLVM_LTO = "YES";
		DEAD_CODE_STRIPPING = "YES";
		// This is the "Debug" config with potential security validations.
		CODE_SIGN_STYLE = "Automatic";
	};
	name = "Debug";
};
000000000000000000000007 /* BuildConfig Release for Project */ = {
	isa = XCBuildConfiguration;
	buildSettings = {
		PRODUCT_NAME = "DogWalking";
		DEVELOPMENT_TEAM = "XXXXXXXXXX";
		PRODUCT_BUNDLE_IDENTIFIER = "com.dogwalking.app";
		IPHONEOS_DEPLOYMENT_TARGET = "13.0";
		SWIFT_VERSION = "5.9";
		ENABLE_HARDENED_RUNTIME = "YES";
		ENABLE_APP_SANDBOX = "YES";
		ENABLE_USER_SCRIPT_SANDBOXING = "YES";

		// Additional from "build_settings" also apply in Release:
		SWIFT_OPTIMIZATION_LEVEL = "-O -whole-module-optimization";
		ENABLE_TESTABILITY = "NO"; // Typically disabled in release
		ENABLE_STRICT_OBJC_MSGSEND = "YES";
		GCC_NO_COMMON_BLOCKS = "YES";
		CLANG_ENABLE_MODULES = "YES";
		CLANG_ENABLE_OBJC_ARC = "YES";
		COPY_PHASE_STRIP = "YES"; // Usually strip in release
		ENABLE_BITCODE = "YES";
		SWIFT_COMPILATION_MODE = "wholemodule";
		ENABLE_NS_ASSERTIONS = "NO";
		VALIDATE_PRODUCT = "YES";
		DEBUG_INFORMATION_FORMAT = "dwarf-with-dsym";
		GCC_OPTIMIZATION_LEVEL = "s";
		LLVM_LTO = "YES";
		DEAD_CODE_STRIPPING = "YES";
		CODE_SIGN_STYLE = "Automatic";
	};
	name = "Release";
};

// Config for the main Target
000000000000000000000008 /* BuildConfig Debug for DogWalking target */ = {
	isa = XCBuildConfiguration;
	buildSettings = {
		PRODUCT_NAME = "DogWalking";
		// Additional target-specific settings if needed
	};
	name = "Debug";
};
000000000000000000000009 /* BuildConfig Release for DogWalking target */ = {
	isa = XCBuildConfiguration;
	buildSettings = {
		PRODUCT_NAME = "DogWalking";
		// Additional target-specific settings for release
	};
	name = "Release";
};
/* End XCBuildConfiguration section */

/* Begin XCConfigurationList section */
/*
 "buildConfigurationList": {
   "description": "Enhanced project build configurations with security and performance optimizations",
   "parameters": ["defaultConfigurationName"],
   "returns": {"XCConfigurationList": "Optimized build configuration list"},
   "steps": [
     "Define Debug configuration with security validations",
     "Define Release configuration with optimizations",
     "Configure security-focused compiler flags",
     "Set up code signing requirements",
     "Enable address sanitization for debug builds"
   ]
}
*/
000000000000000000000001 /* Build configuration list for entire project */ = {
	isa = XCConfigurationList;
	buildConfigurations = (
		000000000000000000000006 /* BuildConfig Debug for Project */,
		000000000000000000000007 /* BuildConfig Release for Project */,
	);
	defaultConfigurationIsVisible = 0;
	defaultConfigurationName = "Debug";
};

000000000000000000000005 /* Build configuration list for DogWalking */ = {
	isa = XCConfigurationList;
	buildConfigurations = (
		000000000000000000000008 /* BuildConfig Debug for DogWalking target */,
		000000000000000000000009 /* BuildConfig Release for DogWalking target */,
	);
	defaultConfigurationIsVisible = 0;
	defaultConfigurationName = "Debug";
};
/* End XCConfigurationList section */

/* Begin PBXShellScriptBuildPhase section */
/* (Optional) If we had custom shell scripts for security validation or code signing checks. */
/* End PBXShellScriptBuildPhase section */

/* End of objects */
	};

/*
 Exporting "DogWalking" as PBXProject with exposed members:
  - targets (array)
  - buildSettings (dictionary)
  - securitySettings (dictionary)
 Purpose: "Enhanced Xcode project configuration with security features"
*/

/* The rootObject references the main PBXProject object described above. */
	rootObject = 111111111111111111111111 /* Project object DogWalking */;
}