# Auto-Generated CocoaPods Lockfile
# --------------------------------------------------------------------------
# This file is auto-generated by CocoaPods to ensure consistent builds.
# --------------------------------------------------------------------------
# External Metadata (for enterprise auditing and code generation trace):
#   format_version: 1.0
#   min_ios_version: 13.0
#   swift_version: 5.0
#   generated_by: CocoaPods
#   auto_generated: true
#   modification_warning: "This file is auto-generated and should not be modified manually"

PODS:
  - Alamofire (5.8.1)
  - Firebase/Analytics (10.17.0):
    - Firebase/CoreOnly (= 10.17.0)
    - FirebaseAnalytics (~> 10.17.0)
  - Firebase/CoreOnly (10.17.0)
  - Firebase/Messaging (10.17.0):
    - Firebase/CoreOnly (= 10.17.0)
  - GoogleMaps (8.2.1)
  - KeychainAccess (4.2.2)
  - Realm (10.43.4)
  - RealmSwift (10.43.4):
    - Realm (~> 10.43.4)
  - SDWebImage (5.18.3)
  - Socket.IO-Client-Swift (16.1.2):
    - Starscream (~> 4.0.4)
  - Starscream (4.0.4)
  - Stripe (23.18.1)
  - SwiftLint (0.53.3)

DEPENDENCIES:
  - Alamofire (~> 5.8)
  - Firebase/Analytics (~> 10.17)
  - Firebase/Messaging (~> 10.17)
  - GoogleMaps (~> 8.2)
  - KeychainAccess (~> 4.2)
  - RealmSwift (~> 10.43)
  - SDWebImage (~> 5.18)
  - Socket.IO-Client-Swift (~> 16.1)
  - Stripe (~> 23.18)
  - SwiftLint (~> 0.53)

SPEC CHECKSUMS:
  Alamofire: 1111111111111111111111111111111111111111
  Firebase/Analytics: 2222222222222222222222222222222222222222
  Firebase/CoreOnly: 3333333333333333333333333333333333333333
  Firebase/Messaging: 4444444444444444444444444444444444444444
  GoogleMaps: 5555555555555555555555555555555555555555
  KeychainAccess: 6666666666666666666666666666666666666666
  Realm: 7777777777777777777777777777777777777777
  RealmSwift: 8888888888888888888888888888888888888888
  SDWebImage: 9999999999999999999999999999999999999999
  Socket.IO-Client-Swift: aaaaaaaaaaaaaaaaaaaaaaaaaaaaaaaaaaaaaaaa
  Starscream: bbbbbbbbbbbbbbbbbbbbbbbbbbbbbbbbbbbbbbbbbb
  Stripe: cccccccccccccccccccccccccccccccccccccccccccc
  SwiftLint: dddddddddddddddddddddddddddddddddddddddddd

PODFILE CHECKSUM: eeeeeeeeeeeeeeeeeeeeeeeeeeeeeeeeeeeeeeeeeeee
COCOAPODS: 1.11.3

# Exports: Detailed versions for production-level reproducibility
# --------------------------------------------------------------------------
# pod_versions (configuration):
#     Alamofire => 5.8.1
#     GoogleMaps => 8.2.1
#     Firebase/Analytics => 10.17.0
#     Firebase/Messaging => 10.17.0
#     Starscream => 4.0.4
#     KeychainAccess => 4.2.2
#     SDWebImage => 5.18.3
#     SwiftLint => 0.53.3
#     Stripe => 23.18.1

# checksum_verification (configuration):
#     pod_checksums => {
#         "Alamofire": "1111111111111111111111111111111111111111",
#         "GoogleMaps": "5555555555555555555555555555555555555555",
#         "Firebase/Analytics": "2222222222222222222222222222222222222222",
#         "Firebase/Messaging": "4444444444444444444444444444444444444444",
#         "Starscream": "bbbbbbbbbbbbbbbbbbbbbbbbbbbbbbbbbbbbbbbb",
#         "KeychainAccess": "6666666666666666666666666666666666666666",
#         "SDWebImage": "9999999999999999999999999999999999999999",
#         "SwiftLint": "dddddddddddddddddddddddddddddddddddddddd",
#         "Stripe": "cccccccccccccccccccccccccccccccccccccccc"
#     }